github.com/dlclark/regexp2 v1.7.0 h1:7lJfhqlPssTb1WQx4yvTHN0uElPEv52sbaECrAQxjAo=
github.com/dlclark/regexp2 v1.7.0/go.mod h1:DHkYz0B9wPfa6wondMfaivmHpzrQ3v9q8cnmRbL6yW8=
github.com/golodash/godash v1.1.1 h1:ddUymkRD6NQjnJr6sQhLRwqn+TuzWFpuSSCfBGPmqQQ=
github.com/golodash/godash v1.1.1/go.mod h1:eBdRVT3jPSAkaV1+9ZFlk/ROcQ3TQjVoCFDlKz3s8bw=
