github.com/dlclark/regexp2 v1.7.0 h1:7lJfhqlPssTb1WQx4yvTHN0uElPEv52sbaECrAQxjAo=
github.com/dlclark/regexp2 v1.7.0/go.mod h1:DHkYz0B9wPfa6wondMfaivmHpzrQ3v9q8cnmRbL6yW8=
github.com/golodash/godash v1.2.0 h1:2TlNmAGeYzZYb07oWGuqDzKhpUvIzzy5l7URlG3Vrls=
github.com/golodash/godash v1.2.0/go.mod h1:oKwxn9UMkI6aa9OiR56sRw7Z5SokrfZSybLjSQ6OB5s=
github.com/jinzhu/copier v0.3.5 h1:GlvfUwHk62RokgqVNvYsku0TATCF7bAHVwEXoBh3iJg=
github.com/jinzhu/copier v0.3.5/go.mod h1:DfbEm0FYsaqBcKcFuvmOZb218JkPGtvSHsKg8S8hyyg=
